// !$*UTF8*$!
{
	archiveVersion = 1;
	classes = {
	};
	objectVersion = 46;
	objects = {

/* Begin PBXBuildFile section */
		7197E8221D654C36002268C8 /* AppDelegate.swift in Sources */ = {isa = PBXBuildFile; fileRef = 7197E8211D654C36002268C8 /* AppDelegate.swift */; };
		7197E8241D654C36002268C8 /* ViewController.swift in Sources */ = {isa = PBXBuildFile; fileRef = 7197E8231D654C36002268C8 /* ViewController.swift */; };
		7197E8271D654C36002268C8 /* Main.storyboard in Resources */ = {isa = PBXBuildFile; fileRef = 7197E8251D654C36002268C8 /* Main.storyboard */; };
		7197E8291D654C36002268C8 /* Assets.xcassets in Resources */ = {isa = PBXBuildFile; fileRef = 7197E8281D654C36002268C8 /* Assets.xcassets */; };
		7197E82C1D654C36002268C8 /* LaunchScreen.storyboard in Resources */ = {isa = PBXBuildFile; fileRef = 7197E82A1D654C36002268C8 /* LaunchScreen.storyboard */; };
		7197E8341D6550D3002268C8 /* MaBeeeSDK.framework in Frameworks */ = {isa = PBXBuildFile; fileRef = 7197E8331D6550D3002268C8 /* MaBeeeSDK.framework */; };
		7197E8351D6550D3002268C8 /* MaBeeeSDK.framework in Embed Frameworks */ = {isa = PBXBuildFile; fileRef = 7197E8331D6550D3002268C8 /* MaBeeeSDK.framework */; settings = {ATTRIBUTES = (CodeSignOnCopy, RemoveHeadersOnCopy, ); }; };
/* End PBXBuildFile section */

/* Begin PBXCopyFilesBuildPhase section */
		7197E8361D6550D3002268C8 /* Embed Frameworks */ = {
			isa = PBXCopyFilesBuildPhase;
			buildActionMask = 2147483647;
			dstPath = "";
			dstSubfolderSpec = 10;
			files = (
				7197E8351D6550D3002268C8 /* MaBeeeSDK.framework in Embed Frameworks */,
			);
			name = "Embed Frameworks";
			runOnlyForDeploymentPostprocessing = 0;
		};
/* End PBXCopyFilesBuildPhase section */

/* Begin PBXFileReference section */
		7197E81E1D654C36002268C8 /* UpdatePropertiesSwift.app */ = {isa = PBXFileReference; explicitFileType = wrapper.application; includeInIndex = 0; path = UpdatePropertiesSwift.app; sourceTree = BUILT_PRODUCTS_DIR; };
		7197E8211D654C36002268C8 /* AppDelegate.swift */ = {isa = PBXFileReference; lastKnownFileType = sourcecode.swift; path = AppDelegate.swift; sourceTree = "<group>"; };
		7197E8231D654C36002268C8 /* ViewController.swift */ = {isa = PBXFileReference; lastKnownFileType = sourcecode.swift; path = ViewController.swift; sourceTree = "<group>"; };
		7197E8261D654C36002268C8 /* Base */ = {isa = PBXFileReference; lastKnownFileType = file.storyboard; name = Base; path = Base.lproj/Main.storyboard; sourceTree = "<group>"; };
		7197E8281D654C36002268C8 /* Assets.xcassets */ = {isa = PBXFileReference; lastKnownFileType = folder.assetcatalog; path = Assets.xcassets; sourceTree = "<group>"; };
		7197E82B1D654C36002268C8 /* Base */ = {isa = PBXFileReference; lastKnownFileType = file.storyboard; name = Base; path = Base.lproj/LaunchScreen.storyboard; sourceTree = "<group>"; };
		7197E82D1D654C36002268C8 /* Info.plist */ = {isa = PBXFileReference; lastKnownFileType = text.plist.xml; path = Info.plist; sourceTree = "<group>"; };
		7197E8331D6550D3002268C8 /* MaBeeeSDK.framework */ = {isa = PBXFileReference; lastKnownFileType = wrapper.framework; name = MaBeeeSDK.framework; path = ../../MaBeeeSDK.framework; sourceTree = "<group>"; };
/* End PBXFileReference section */

/* Begin PBXFrameworksBuildPhase section */
		7197E81B1D654C36002268C8 /* Frameworks */ = {
			isa = PBXFrameworksBuildPhase;
			buildActionMask = 2147483647;
			files = (
				7197E8341D6550D3002268C8 /* MaBeeeSDK.framework in Frameworks */,
			);
			runOnlyForDeploymentPostprocessing = 0;
		};
/* End PBXFrameworksBuildPhase section */

/* Begin PBXGroup section */
		7197E8151D654C35002268C8 = {
			isa = PBXGroup;
			children = (
				7197E8331D6550D3002268C8 /* MaBeeeSDK.framework */,
				7197E8201D654C36002268C8 /* UpdatePropertiesSwift */,
				7197E81F1D654C36002268C8 /* Products */,
			);
			sourceTree = "<group>";
		};
		7197E81F1D654C36002268C8 /* Products */ = {
			isa = PBXGroup;
			children = (
				7197E81E1D654C36002268C8 /* UpdatePropertiesSwift.app */,
			);
			name = Products;
			sourceTree = "<group>";
		};
		7197E8201D654C36002268C8 /* UpdatePropertiesSwift */ = {
			isa = PBXGroup;
			children = (
				7197E8211D654C36002268C8 /* AppDelegate.swift */,
				7197E8231D654C36002268C8 /* ViewController.swift */,
				7197E8251D654C36002268C8 /* Main.storyboard */,
				7197E8281D654C36002268C8 /* Assets.xcassets */,
				7197E82A1D654C36002268C8 /* LaunchScreen.storyboard */,
				7197E82D1D654C36002268C8 /* Info.plist */,
			);
			path = UpdatePropertiesSwift;
			sourceTree = "<group>";
		};
/* End PBXGroup section */

/* Begin PBXNativeTarget section */
		7197E81D1D654C36002268C8 /* UpdatePropertiesSwift */ = {
			isa = PBXNativeTarget;
			buildConfigurationList = 7197E8301D654C36002268C8 /* Build configuration list for PBXNativeTarget "UpdatePropertiesSwift" */;
			buildPhases = (
				7197E81A1D654C36002268C8 /* Sources */,
				7197E81B1D654C36002268C8 /* Frameworks */,
				7197E81C1D654C36002268C8 /* Resources */,
				7197E8361D6550D3002268C8 /* Embed Frameworks */,
			);
			buildRules = (
			);
			dependencies = (
			);
			name = UpdatePropertiesSwift;
			productName = UpdatePropertiesSwift;
			productReference = 7197E81E1D654C36002268C8 /* UpdatePropertiesSwift.app */;
			productType = "com.apple.product-type.application";
		};
/* End PBXNativeTarget section */

/* Begin PBXProject section */
		7197E8161D654C35002268C8 /* Project object */ = {
			isa = PBXProject;
			attributes = {
				LastSwiftUpdateCheck = 0730;
				LastUpgradeCheck = 0820;
				ORGANIZATIONNAME = "Novars Inc.";
				TargetAttributes = {
					7197E81D1D654C36002268C8 = {
						CreatedOnToolsVersion = 7.3.1;
						DevelopmentTeam = 64NG4Z47TV;
						LastSwiftMigration = 0820;
					};
				};
			};
			buildConfigurationList = 7197E8191D654C35002268C8 /* Build configuration list for PBXProject "UpdatePropertiesSwift" */;
			compatibilityVersion = "Xcode 3.2";
			developmentRegion = English;
			hasScannedForEncodings = 0;
			knownRegions = (
				en,
				Base,
			);
			mainGroup = 7197E8151D654C35002268C8;
			productRefGroup = 7197E81F1D654C36002268C8 /* Products */;
			projectDirPath = "";
			projectRoot = "";
			targets = (
				7197E81D1D654C36002268C8 /* UpdatePropertiesSwift */,
			);
		};
/* End PBXProject section */

/* Begin PBXResourcesBuildPhase section */
		7197E81C1D654C36002268C8 /* Resources */ = {
			isa = PBXResourcesBuildPhase;
			buildActionMask = 2147483647;
			files = (
				7197E82C1D654C36002268C8 /* LaunchScreen.storyboard in Resources */,
				7197E8291D654C36002268C8 /* Assets.xcassets in Resources */,
				7197E8271D654C36002268C8 /* Main.storyboard in Resources */,
			);
			runOnlyForDeploymentPostprocessing = 0;
		};
/* End PBXResourcesBuildPhase section */

/* Begin PBXSourcesBuildPhase section */
		7197E81A1D654C36002268C8 /* Sources */ = {
			isa = PBXSourcesBuildPhase;
			buildActionMask = 2147483647;
			files = (
				7197E8241D654C36002268C8 /* ViewController.swift in Sources */,
				7197E8221D654C36002268C8 /* AppDelegate.swift in Sources */,
			);
			runOnlyForDeploymentPostprocessing = 0;
		};
/* End PBXSourcesBuildPhase section */

/* Begin PBXVariantGroup section */
		7197E8251D654C36002268C8 /* Main.storyboard */ = {
			isa = PBXVariantGroup;
			children = (
				7197E8261D654C36002268C8 /* Base */,
			);
			name = Main.storyboard;
			sourceTree = "<group>";
		};
		7197E82A1D654C36002268C8 /* LaunchScreen.storyboard */ = {
			isa = PBXVariantGroup;
			children = (
				7197E82B1D654C36002268C8 /* Base */,
			);
			name = LaunchScreen.storyboard;
			sourceTree = "<group>";
		};
/* End PBXVariantGroup section */

/* Begin XCBuildConfiguration section */
		7197E82E1D654C36002268C8 /* Debug */ = {
			isa = XCBuildConfiguration;
			buildSettings = {
				ALWAYS_SEARCH_USER_PATHS = NO;
				CLANG_ANALYZER_NONNULL = YES;
				CLANG_CXX_LANGUAGE_STANDARD = "gnu++0x";
				CLANG_CXX_LIBRARY = "libc++";
				CLANG_ENABLE_MODULES = YES;
				CLANG_ENABLE_OBJC_ARC = YES;
				CLANG_WARN_BOOL_CONVERSION = YES;
				CLANG_WARN_CONSTANT_CONVERSION = YES;
				CLANG_WARN_DIRECT_OBJC_ISA_USAGE = YES_ERROR;
				CLANG_WARN_EMPTY_BODY = YES;
				CLANG_WARN_ENUM_CONVERSION = YES;
				CLANG_WARN_INFINITE_RECURSION = YES;
				CLANG_WARN_INT_CONVERSION = YES;
				CLANG_WARN_OBJC_ROOT_CLASS = YES_ERROR;
				CLANG_WARN_SUSPICIOUS_MOVE = YES;
				CLANG_WARN_UNREACHABLE_CODE = YES;
				CLANG_WARN__DUPLICATE_METHOD_MATCH = YES;
				"CODE_SIGN_IDENTITY[sdk=iphoneos*]" = "iPhone Developer";
				COPY_PHASE_STRIP = NO;
				DEBUG_INFORMATION_FORMAT = dwarf;
				ENABLE_STRICT_OBJC_MSGSEND = YES;
				ENABLE_TESTABILITY = YES;
				FRAMEWORK_SEARCH_PATHS = "$(PROJECT_DIR)/../..";
				GCC_C_LANGUAGE_STANDARD = gnu99;
				GCC_DYNAMIC_NO_PIC = NO;
				GCC_NO_COMMON_BLOCKS = YES;
				GCC_OPTIMIZATION_LEVEL = 0;
				GCC_PREPROCESSOR_DEFINITIONS = (
					"DEBUG=1",
					"$(inherited)",
				);
				GCC_WARN_64_TO_32_BIT_CONVERSION = YES;
				GCC_WARN_ABOUT_RETURN_TYPE = YES_ERROR;
				GCC_WARN_UNDECLARED_SELECTOR = YES;
				GCC_WARN_UNINITIALIZED_AUTOS = YES_AGGRESSIVE;
				GCC_WARN_UNUSED_FUNCTION = YES;
				GCC_WARN_UNUSED_VARIABLE = YES;
				IPHONEOS_DEPLOYMENT_TARGET = 8.0;
				MTL_ENABLE_DEBUG_INFO = YES;
				ONLY_ACTIVE_ARCH = YES;
				SDKROOT = iphoneos;
				SWIFT_OPTIMIZATION_LEVEL = "-Onone";
				TARGETED_DEVICE_FAMILY = "1,2";
			};
			name = Debug;
		};
		7197E82F1D654C36002268C8 /* Release */ = {
			isa = XCBuildConfiguration;
			buildSettings = {
				ALWAYS_SEARCH_USER_PATHS = NO;
				CLANG_ANALYZER_NONNULL = YES;
				CLANG_CXX_LANGUAGE_STANDARD = "gnu++0x";
				CLANG_CXX_LIBRARY = "libc++";
				CLANG_ENABLE_MODULES = YES;
				CLANG_ENABLE_OBJC_ARC = YES;
				CLANG_WARN_BOOL_CONVERSION = YES;
				CLANG_WARN_CONSTANT_CONVERSION = YES;
				CLANG_WARN_DIRECT_OBJC_ISA_USAGE = YES_ERROR;
				CLANG_WARN_EMPTY_BODY = YES;
				CLANG_WARN_ENUM_CONVERSION = YES;
				CLANG_WARN_INFINITE_RECURSION = YES;
				CLANG_WARN_INT_CONVERSION = YES;
				CLANG_WARN_OBJC_ROOT_CLASS = YES_ERROR;
				CLANG_WARN_SUSPICIOUS_MOVE = YES;
				CLANG_WARN_UNREACHABLE_CODE = YES;
				CLANG_WARN__DUPLICATE_METHOD_MATCH = YES;
				"CODE_SIGN_IDENTITY[sdk=iphoneos*]" = "iPhone Developer";
				COPY_PHASE_STRIP = NO;
				DEBUG_INFORMATION_FORMAT = "dwarf-with-dsym";
				ENABLE_NS_ASSERTIONS = NO;
				ENABLE_STRICT_OBJC_MSGSEND = YES;
				FRAMEWORK_SEARCH_PATHS = "$(PROJECT_DIR)/../..";
				GCC_C_LANGUAGE_STANDARD = gnu99;
				GCC_NO_COMMON_BLOCKS = YES;
				GCC_WARN_64_TO_32_BIT_CONVERSION = YES;
				GCC_WARN_ABOUT_RETURN_TYPE = YES_ERROR;
				GCC_WARN_UNDECLARED_SELECTOR = YES;
				GCC_WARN_UNINITIALIZED_AUTOS = YES_AGGRESSIVE;
				GCC_WARN_UNUSED_FUNCTION = YES;
				GCC_WARN_UNUSED_VARIABLE = YES;
				IPHONEOS_DEPLOYMENT_TARGET = 8.0;
				MTL_ENABLE_DEBUG_INFO = NO;
				SDKROOT = iphoneos;
				SWIFT_OPTIMIZATION_LEVEL = "-Owholemodule";
				TARGETED_DEVICE_FAMILY = "1,2";
				VALIDATE_PRODUCT = YES;
			};
			name = Release;
		};
		7197E8311D654C36002268C8 /* Debug */ = {
			isa = XCBuildConfiguration;
			buildSettings = {
				ASSETCATALOG_COMPILER_APPICON_NAME = AppIcon;
				DEVELOPMENT_TEAM = 64NG4Z47TV;
				INFOPLIST_FILE = UpdatePropertiesSwift/Info.plist;
				LD_RUNPATH_SEARCH_PATHS = "$(inherited) @executable_path/Frameworks";
				PRODUCT_BUNDLE_IDENTIFIER = jp.novars.UpdatePropertiesSwift;
				PRODUCT_NAME = "$(TARGET_NAME)";
				SWIFT_VERSION = 3.0;
			};
			name = Debug;
		};
		7197E8321D654C36002268C8 /* Release */ = {
			isa = XCBuildConfiguration;
			buildSettings = {
				ASSETCATALOG_COMPILER_APPICON_NAME = AppIcon;
				DEVELOPMENT_TEAM = 64NG4Z47TV;
				INFOPLIST_FILE = UpdatePropertiesSwift/Info.plist;
				LD_RUNPATH_SEARCH_PATHS = "$(inherited) @executable_path/Frameworks";
				PRODUCT_BUNDLE_IDENTIFIER = jp.novars.UpdatePropertiesSwift;
				PRODUCT_NAME = "$(TARGET_NAME)";
				SWIFT_VERSION = 3.0;
			};
			name = Release;
		};
/* End XCBuildConfiguration section */

/* Begin XCConfigurationList section */
		7197E8191D654C35002268C8 /* Build configuration list for PBXProject "UpdatePropertiesSwift" */ = {
			isa = XCConfigurationList;
			buildConfigurations = (
				7197E82E1D654C36002268C8 /* Debug */,
				7197E82F1D654C36002268C8 /* Release */,
			);
			defaultConfigurationIsVisible = 0;
			defaultConfigurationName = Release;
		};
		7197E8301D654C36002268C8 /* Build configuration list for PBXNativeTarget "UpdatePropertiesSwift" */ = {
			isa = XCConfigurationList;
			buildConfigurations = (
				7197E8311D654C36002268C8 /* Debug */,
				7197E8321D654C36002268C8 /* Release */,
			);
			defaultConfigurationIsVisible = 0;
			defaultConfigurationName = Release;
		};
/* End XCConfigurationList section */
	};
	rootObject = 7197E8161D654C35002268C8 /* Project object */;
}
